
Microsoft Visual Studio Solution File, Format Version 12.00
# Visual Studio Version 17
VisualStudioVersion = 17.8.34322.80
MinimumVisualStudioVersion = 10.0.40219.1
Project("{FAE04EC0-301F-11D3-BF4B-00C04F79EFBC}") = "FlightReservationProject", "FlightReservationProject.csproj", "{9347B98D-F551-4860-86D1-5C82AA350485}"
EndProject
Global
	GlobalSection(SolutionConfigurationPlatforms) = preSolution
		Debug|Any CPU = Debug|Any CPU
		Release|Any CPU = Release|Any CPU
	EndGlobalSection
	GlobalSection(ProjectConfigurationPlatforms) = postSolution
		{9347B98D-F551-4860-86D1-5C82AA350485}.Debug|Any CPU.ActiveCfg = Debug|Any CPU
		{9347B98D-F551-4860-86D1-5C82AA350485}.Debug|Any CPU.Build.0 = Debug|Any CPU
		{9347B98D-F551-4860-86D1-5C82AA350485}.Release|Any CPU.ActiveCfg = Release|Any CPU
		{9347B98D-F551-4860-86D1-5C82AA350485}.Release|Any CPU.Build.0 = Release|Any CPU
	EndGlobalSection
	GlobalSection(SolutionProperties) = preSolution
		HideSolutionNode = FALSE
	EndGlobalSection
	GlobalSection(ExtensibilityGlobals) = postSolution
		SolutionGuid = {BA1CA044-746B-4112-9ED0-C38C09170953}
	EndGlobalSection
EndGlobal
