
Microsoft Visual Studio Solution File, Format Version 12.00
# Visual Studio Version 17
VisualStudioVersion = 17.8.34322.80
MinimumVisualStudioVersion = 10.0.40219.1
Project("{FAE04EC0-301F-11D3-BF4B-00C04F79EFBC}") = "flightTicket", "flightTicket.csproj", "{3D360E28-988F-479D-8D3E-33DBE2F8788C}"
EndProject
Global
	GlobalSection(SolutionConfigurationPlatforms) = preSolution
		Debug|Any CPU = Debug|Any CPU
		Release|Any CPU = Release|Any CPU
	EndGlobalSection
	GlobalSection(ProjectConfigurationPlatforms) = postSolution
		{3D360E28-988F-479D-8D3E-33DBE2F8788C}.Debug|Any CPU.ActiveCfg = Debug|Any CPU
		{3D360E28-988F-479D-8D3E-33DBE2F8788C}.Debug|Any CPU.Build.0 = Debug|Any CPU
		{3D360E28-988F-479D-8D3E-33DBE2F8788C}.Release|Any CPU.ActiveCfg = Release|Any CPU
		{3D360E28-988F-479D-8D3E-33DBE2F8788C}.Release|Any CPU.Build.0 = Release|Any CPU
	EndGlobalSection
	GlobalSection(SolutionProperties) = preSolution
		HideSolutionNode = FALSE
	EndGlobalSection
	GlobalSection(ExtensibilityGlobals) = postSolution
		SolutionGuid = {70F07064-5B10-4FDD-A215-585F940A1DA3}
	EndGlobalSection
EndGlobal
